
Microsoft Visual Studio Solution File, Format Version 12.00
# Visual Studio Version 17
VisualStudioVersion = 17.10.35122.118
MinimumVisualStudioVersion = 10.0.40219.1
Project("{FAE04EC0-301F-11D3-BF4B-00C04F79EFBC}") = "Task-1", "Task-1.csproj", "{B9A0D5C3-1CFE-49CB-9307-A8983D67D38D}"
EndProject
Global
	GlobalSection(SolutionConfigurationPlatforms) = preSolution
		Debug|Any CPU = Debug|Any CPU
		Release|Any CPU = Release|Any CPU
	EndGlobalSection
	GlobalSection(ProjectConfigurationPlatforms) = postSolution
		{B9A0D5C3-1CFE-49CB-9307-A8983D67D38D}.Debug|Any CPU.ActiveCfg = Debug|Any CPU
		{B9A0D5C3-1CFE-49CB-9307-A8983D67D38D}.Debug|Any CPU.Build.0 = Debug|Any CPU
		{B9A0D5C3-1CFE-49CB-9307-A8983D67D38D}.Release|Any CPU.ActiveCfg = Release|Any CPU
		{B9A0D5C3-1CFE-49CB-9307-A8983D67D38D}.Release|Any CPU.Build.0 = Release|Any CPU
	EndGlobalSection
	GlobalSection(SolutionProperties) = preSolution
		HideSolutionNode = FALSE
	EndGlobalSection
	GlobalSection(ExtensibilityGlobals) = postSolution
		SolutionGuid = {5B59DB9F-13CB-48EC-B869-DD0C7DF2E18B}
	EndGlobalSection
EndGlobal
