
Microsoft Visual Studio Solution File, Format Version 12.00
# Visual Studio Version 17
VisualStudioVersion = 17.10.35122.118
MinimumVisualStudioVersion = 10.0.40219.1
Project("{FAE04EC0-301F-11D3-BF4B-00C04F79EFBC}") = "task-7", "task-7.csproj", "{3481AFCC-3C16-4A00-9D45-957CCCA9C782}"
EndProject
Global
	GlobalSection(SolutionConfigurationPlatforms) = preSolution
		Debug|Any CPU = Debug|Any CPU
		Release|Any CPU = Release|Any CPU
	EndGlobalSection
	GlobalSection(ProjectConfigurationPlatforms) = postSolution
		{3481AFCC-3C16-4A00-9D45-957CCCA9C782}.Debug|Any CPU.ActiveCfg = Debug|Any CPU
		{3481AFCC-3C16-4A00-9D45-957CCCA9C782}.Debug|Any CPU.Build.0 = Debug|Any CPU
		{3481AFCC-3C16-4A00-9D45-957CCCA9C782}.Release|Any CPU.ActiveCfg = Release|Any CPU
		{3481AFCC-3C16-4A00-9D45-957CCCA9C782}.Release|Any CPU.Build.0 = Release|Any CPU
	EndGlobalSection
	GlobalSection(SolutionProperties) = preSolution
		HideSolutionNode = FALSE
	EndGlobalSection
	GlobalSection(ExtensibilityGlobals) = postSolution
		SolutionGuid = {15E7ECDA-EC15-4DF7-926A-C686484BE20A}
	EndGlobalSection
EndGlobal
