
Microsoft Visual Studio Solution File, Format Version 12.00
# Visual Studio Version 17
VisualStudioVersion = 17.10.35122.118
MinimumVisualStudioVersion = 10.0.40219.1
Project("{FAE04EC0-301F-11D3-BF4B-00C04F79EFBC}") = "task-6", "task-6.csproj", "{A7B57552-21DD-4DE3-B615-62B99E422D2A}"
EndProject
Global
	GlobalSection(SolutionConfigurationPlatforms) = preSolution
		Debug|Any CPU = Debug|Any CPU
		Release|Any CPU = Release|Any CPU
	EndGlobalSection
	GlobalSection(ProjectConfigurationPlatforms) = postSolution
		{A7B57552-21DD-4DE3-B615-62B99E422D2A}.Debug|Any CPU.ActiveCfg = Debug|Any CPU
		{A7B57552-21DD-4DE3-B615-62B99E422D2A}.Debug|Any CPU.Build.0 = Debug|Any CPU
		{A7B57552-21DD-4DE3-B615-62B99E422D2A}.Release|Any CPU.ActiveCfg = Release|Any CPU
		{A7B57552-21DD-4DE3-B615-62B99E422D2A}.Release|Any CPU.Build.0 = Release|Any CPU
	EndGlobalSection
	GlobalSection(SolutionProperties) = preSolution
		HideSolutionNode = FALSE
	EndGlobalSection
	GlobalSection(ExtensibilityGlobals) = postSolution
		SolutionGuid = {54E4485D-FD83-47D6-BB30-FF6DA61B9585}
	EndGlobalSection
EndGlobal
